
Microsoft Visual Studio Solution File, Format Version 12.00
# Visual Studio Version 17
VisualStudioVersion = 17.11.35327.3
MinimumVisualStudioVersion = 10.0.40219.1
Project("{FAE04EC0-301F-11D3-BF4B-00C04F79EFBC}") = "InfoSystem_Drivers_U3", "InfoSystem_Drivers_U3\InfoSystem_Drivers_U3.csproj", "{68CC9EBF-5990-40EF-B198-A4865E935CCE}"
EndProject
Global
	GlobalSection(SolutionConfigurationPlatforms) = preSolution
		Debug|Any CPU = Debug|Any CPU
		Release|Any CPU = Release|Any CPU
	EndGlobalSection
	GlobalSection(ProjectConfigurationPlatforms) = postSolution
		{68CC9EBF-5990-40EF-B198-A4865E935CCE}.Debug|Any CPU.ActiveCfg = Debug|Any CPU
		{68CC9EBF-5990-40EF-B198-A4865E935CCE}.Debug|Any CPU.Build.0 = Debug|Any CPU
		{68CC9EBF-5990-40EF-B198-A4865E935CCE}.Release|Any CPU.ActiveCfg = Release|Any CPU
		{68CC9EBF-5990-40EF-B198-A4865E935CCE}.Release|Any CPU.Build.0 = Release|Any CPU
	EndGlobalSection
	GlobalSection(SolutionProperties) = preSolution
		HideSolutionNode = FALSE
	EndGlobalSection
	GlobalSection(ExtensibilityGlobals) = postSolution
		SolutionGuid = {1A71AE37-94F9-42FE-BEC9-E20585B0FE5C}
	EndGlobalSection
EndGlobal
